
Microsoft Visual Studio Solution File, Format Version 12.00
# Visual Studio 2013
VisualStudioVersion = 12.0.31101.0
MinimumVisualStudioVersion = 10.0.40219.1
Project("{8BC9CEB8-8B4A-11D0-8D11-00A0C91BC942}") = "Dice", "Dice\Dice.vcxproj", "{81FC7B94-781E-48F5-BE2D-445047C33E41}"
EndProject
Global
	GlobalSection(SolutionConfigurationPlatforms) = preSolution
		Debug|Win32 = Debug|Win32
		Release|Win32 = Release|Win32
	EndGlobalSection
	GlobalSection(ProjectConfigurationPlatforms) = postSolution
		{81FC7B94-781E-48F5-BE2D-445047C33E41}.Debug|Win32.ActiveCfg = Debug|Win32
		{81FC7B94-781E-48F5-BE2D-445047C33E41}.Debug|Win32.Build.0 = Debug|Win32
		{81FC7B94-781E-48F5-BE2D-445047C33E41}.Release|Win32.ActiveCfg = Release|Win32
		{81FC7B94-781E-48F5-BE2D-445047C33E41}.Release|Win32.Build.0 = Release|Win32
	EndGlobalSection
	GlobalSection(SolutionProperties) = preSolution
		HideSolutionNode = FALSE
	EndGlobalSection
EndGlobal
